lockfileVersion: '9.0'

settings:
  autoInstallPeers: true
  excludeLinksFromLockfile: false

importers:

  .:
    devDependencies:
      '@axe-core/playwright':
        specifier: ^4.10.2
        version: 4.11.1(playwright-core@1.59.0)
      '@playwright/test':
        specifier: ^1.59.0
        version: 1.59.0
      node-fetch:
        specifier: ^3.3.2
        version: 3.3.2

packages:

  '@axe-core/playwright@4.11.1':
    resolution: {integrity: sha512-mKEfoUIB1MkVTht0BGZFXtSAEKXMJoDkyV5YZ9jbBmZCcWDz71tegNsdTkIN8zc/yMi5Gm2kx7Z5YQ9PfWNAWw==}
    peerDependencies:
      playwright-core: '>= 1.0.0'

  '@playwright/test@1.59.0':
    resolution: {integrity: sha512-TOA5sTLd49rTDaZpYpvCQ9hGefHQq/OYOyCVnGqS2mjMfX+lGZv2iddIJd0I48cfxqSPttS9S3OuLKyylHcO1w==}
    engines: {node: '>=18'}
    hasBin: true

  axe-core@4.11.1:
    resolution: {integrity: sha512-BASOg+YwO2C+346x3LZOeoovTIoTrRqEsqMa6fmfAV0P+U9mFr9NsyOEpiYvFjbc64NMrSswhV50WdXzdb/Z5A==}
    engines: {node: '>=4'}

  data-uri-to-buffer@4.0.1:
    resolution: {integrity: sha512-0R9ikRb668HB7QDxT1vkpuUBtqc53YyAwMwGeUFKRojY/NWKvdZ+9UYtRfGmhqNbRkTSVpMbmyhXipFFv2cb/A==}
    engines: {node: '>= 12'}

  fetch-blob@3.2.0:
    resolution: {integrity: sha512-7yAQpD2UMJzLi1Dqv7qFYnPbaPx7ZfFK6PiIxQ4PfkGPyNyl2Ugx+a/umUonmKqjhM4DnfbMvdX6otXq83soQQ==}
    engines: {node: ^12.20 || >= 14.13}

  formdata-polyfill@4.0.10:
    resolution: {integrity: sha512-buewHzMvYL29jdeQTVILecSaZKnt/RJWjoZCF5OW60Z67/GmSLBkOFM7qh1PI3zFNtJbaZL5eQu1vLfazOwj4g==}
    engines: {node: '>=12.20.0'}

  fsevents@2.3.2:
    resolution: {integrity: sha512-xiqMQR4xAeHTuB9uWm+fFRcIOgKBMiOBP+eXiyT7jsgVCq1bkVygt00oASowB7EdtpOHaaPgKt812P9ab+DDKA==}
    engines: {node: ^8.16.0 || ^10.6.0 || >=11.0.0}
    os: [darwin]

  node-domexception@1.0.0:
    resolution: {integrity: sha512-/jKZoMpw0F8GRwl4/eLROPA3cfcXtLApP0QzLmUT/HuPCZWyB7IY9ZrMeKw2O/nFIqPQB3PVM9aYm0F312AXDQ==}
    engines: {node: '>=10.5.0'}
    deprecated: Use your platform's native DOMException instead

  node-fetch@3.3.2:
    resolution: {integrity: sha512-dRB78srN/l6gqWulah9SrxeYnxeddIG30+GOqK/9OlLVyLg3HPnr6SqOWTWOXKRwC2eGYCkZ59NNuSgvSrpgOA==}
    engines: {node: ^12.20.0 || ^14.13.1 || >=16.0.0}

  playwright-core@1.59.0:
    resolution: {integrity: sha512-PW/X/IoZ6BMUUy8rpwHEZ8Kc0IiLIkgKYGNFaMs5KmQhcfLILNx9yCQD0rnWeWfz1PNeqcFP1BsihQhDOBCwZw==}
    engines: {node: '>=18'}
    hasBin: true

  playwright@1.59.0:
    resolution: {integrity: sha512-wihGScriusvATUxmhfENxg0tj1vHEFeIwxlnPFKQTOQVd7aG08mUfvvniRP/PtQOC+2Bs52kBOC/Up1jTXeIbw==}
    engines: {node: '>=18'}
    hasBin: true

  web-streams-polyfill@3.3.3:
    resolution: {integrity: sha512-d2JWLCivmZYTSIoge9MsgFCZrt571BikcWGYkjC1khllbTeDlGqZ2D8vD8E/lJa8WGWbb7Plm8/XJYV7IJHZZw==}
    engines: {node: '>= 8'}

snapshots:

  '@axe-core/playwright@4.11.1(playwright-core@1.59.0)':
    dependencies:
      axe-core: 4.11.1
      playwright-core: 1.59.0

  '@playwright/test@1.59.0':
    dependencies:
      playwright: 1.59.0

  axe-core@4.11.1: {}

  data-uri-to-buffer@4.0.1: {}

  fetch-blob@3.2.0:
    dependencies:
      node-domexception: 1.0.0
      web-streams-polyfill: 3.3.3

  formdata-polyfill@4.0.10:
    dependencies:
      fetch-blob: 3.2.0

  fsevents@2.3.2:
    optional: true

  node-domexception@1.0.0: {}

  node-fetch@3.3.2:
    dependencies:
      data-uri-to-buffer: 4.0.1
      fetch-blob: 3.2.0
      formdata-polyfill: 4.0.10

  playwright-core@1.59.0: {}

  playwright@1.59.0:
    dependencies:
      playwright-core: 1.59.0
    optionalDependencies:
      fsevents: 2.3.2

  web-streams-polyfill@3.3.3: {}
